{
    "version": 3,
    "terraform_version": "0.11.13",
    "serial": 13,
    "lineage": "306887d0-0ef5-18f1-5ba7-4ceb2da6720b",
    "modules": [
        {
            "path": [
                "root"
            ],
            "outputs": {},
            "resources": {},
            "depends_on": []
        },
        {
            "path": [
                "root",
                "my_ec2"
            ],
            "outputs": {},
            "resources": {
                "aws_instance.myec2_ws1": {
                    "type": "aws_instance",
                    "depends_on": [],
                    "primary": {
                        "id": "i-0a6ca88050cd22eb9",
                        "attributes": {
                            "ami": "ami-05f37c3995fffb4fd",
                            "arn": "arn:aws:ec2:eu-west-2:845667357603:instance/i-0a6ca88050cd22eb9",
                            "associate_public_ip_address": "false",
                            "availability_zone": "eu-west-2a",
                            "cpu_core_count": "1",
                            "cpu_threads_per_core": "1",
                            "credit_specification.#": "1",
                            "credit_specification.0.cpu_credits": "standard",
                            "disable_api_termination": "false",
                            "ebs_block_device.#": "0",
                            "ebs_optimized": "false",
                            "ephemeral_block_device.#": "0",
                            "get_password_data": "false",
                            "iam_instance_profile": "",
                            "id": "i-0a6ca88050cd22eb9",
                            "instance_state": "running",
                            "instance_type": "t2.nano",
                            "ipv6_address_count": "0",
                            "ipv6_addresses.#": "0",
                            "key_name": "",
                            "monitoring": "false",
                            "network_interface.#": "0",
                            "password_data": "",
                            "placement_group": "",
                            "primary_network_interface_id": "eni-0d0a2e3f7aadd9823",
                            "private_dns": "ip-172-31-19-139.eu-west-2.compute.internal",
                            "private_ip": "172.31.19.139",
                            "public_dns": "",
                            "public_ip": "",
                            "root_block_device.#": "1",
                            "root_block_device.0.delete_on_termination": "true",
                            "root_block_device.0.encrypted": "false",
                            "root_block_device.0.iops": "100",
                            "root_block_device.0.kms_key_id": "",
                            "root_block_device.0.volume_id": "vol-0587e4d518bb40c5c",
                            "root_block_device.0.volume_size": "8",
                            "root_block_device.0.volume_type": "gp2",
                            "security_groups.#": "0",
                            "source_dest_check": "true",
                            "subnet_id": "subnet-02ede2769b1a6c00d",
                            "tags.%": "1",
                            "tags.Name": "dev-web1",
                            "tenancy": "default",
                            "volume_tags.%": "0",
                            "vpc_security_group_ids.#": "1",
                            "vpc_security_group_ids.3076785840": "sg-005c95d98fac3bec3"
                        },
                        "meta": {
                            "e2bfb730-ecaa-11e6-8f88-34363bc7c4c0": {
                                "create": 600000000000,
                                "delete": 1200000000000,
                                "update": 600000000000
                            },
                            "schema_version": "1"
                        },
                        "tainted": false
                    },
                    "deposed": [],
                    "provider": "provider.aws"
                },
                "aws_instance.myec2_ws2": {
                    "type": "aws_instance",
                    "depends_on": [],
                    "primary": {
                        "id": "i-0d5f198a9f0c84f4b",
                        "attributes": {
                            "ami": "ami-05f37c3995fffb4fd",
                            "arn": "arn:aws:ec2:eu-west-2:845667357603:instance/i-0d5f198a9f0c84f4b",
                            "associate_public_ip_address": "false",
                            "availability_zone": "eu-west-2c",
                            "cpu_core_count": "1",
                            "cpu_threads_per_core": "1",
                            "credit_specification.#": "1",
                            "credit_specification.0.cpu_credits": "standard",
                            "disable_api_termination": "false",
                            "ebs_block_device.#": "0",
                            "ebs_optimized": "false",
                            "ephemeral_block_device.#": "0",
                            "get_password_data": "false",
                            "iam_instance_profile": "",
                            "id": "i-0d5f198a9f0c84f4b",
                            "instance_state": "running",
                            "instance_type": "t2.nano",
                            "ipv6_address_count": "0",
                            "ipv6_addresses.#": "0",
                            "key_name": "",
                            "monitoring": "false",
                            "network_interface.#": "0",
                            "password_data": "",
                            "placement_group": "",
                            "primary_network_interface_id": "eni-07493691d688638a1",
                            "private_dns": "ip-172-31-55-226.eu-west-2.compute.internal",
                            "private_ip": "172.31.55.226",
                            "public_dns": "",
                            "public_ip": "",
                            "root_block_device.#": "1",
                            "root_block_device.0.delete_on_termination": "true",
                            "root_block_device.0.encrypted": "false",
                            "root_block_device.0.iops": "100",
                            "root_block_device.0.kms_key_id": "",
                            "root_block_device.0.volume_id": "vol-09662a75abe2d6f84",
                            "root_block_device.0.volume_size": "8",
                            "root_block_device.0.volume_type": "gp2",
                            "security_groups.#": "0",
                            "source_dest_check": "true",
                            "subnet_id": "subnet-0895c5edcba2aa8b7",
                            "tags.%": "1",
                            "tags.Name": "dev-web2",
                            "tenancy": "default",
                            "volume_tags.%": "0",
                            "vpc_security_group_ids.#": "1",
                            "vpc_security_group_ids.3076785840": "sg-005c95d98fac3bec3"
                        },
                        "meta": {
                            "e2bfb730-ecaa-11e6-8f88-34363bc7c4c0": {
                                "create": 600000000000,
                                "delete": 1200000000000,
                                "update": 600000000000
                            },
                            "schema_version": "1"
                        },
                        "tainted": false
                    },
                    "deposed": [],
                    "provider": "provider.aws"
                }
            },
            "depends_on": []
        },
        {
            "path": [
                "root",
                "vpc_module"
            ],
            "outputs": {
                "public_subnet_a": {
                    "sensitive": false,
                    "type": "string",
                    "value": "subnet-02ede2769b1a6c00d"
                },
                "public_subnet_b": {
                    "sensitive": false,
                    "type": "string",
                    "value": "subnet-021a8f50b99999e05"
                },
                "public_subnet_c": {
                    "sensitive": false,
                    "type": "string",
                    "value": "subnet-0895c5edcba2aa8b7"
                },
                "vpc_id": {
                    "sensitive": false,
                    "type": "string",
                    "value": "vpc-0730bdaac9a7dcbba"
                }
            },
            "resources": {
                "aws_subnet.public_sna": {
                    "type": "aws_subnet",
                    "depends_on": [
                        "aws_vpc.public_vpc"
                    ],
                    "primary": {
                        "id": "subnet-02ede2769b1a6c00d",
                        "attributes": {
                            "arn": "arn:aws:ec2:eu-west-2:845667357603:subnet/subnet-02ede2769b1a6c00d",
                            "assign_ipv6_address_on_creation": "false",
                            "availability_zone": "eu-west-2a",
                            "availability_zone_id": "euw2-az2",
                            "cidr_block": "172.31.16.0/20",
                            "id": "subnet-02ede2769b1a6c00d",
                            "ipv6_cidr_block": "",
                            "ipv6_cidr_block_association_id": "",
                            "map_public_ip_on_launch": "false",
                            "owner_id": "845667357603",
                            "tags.%": "1",
                            "tags.Name": "pub-sna",
                            "vpc_id": "vpc-0730bdaac9a7dcbba"
                        },
                        "meta": {
                            "e2bfb730-ecaa-11e6-8f88-34363bc7c4c0": {
                                "create": 600000000000,
                                "delete": 1200000000000
                            },
                            "schema_version": "1"
                        },
                        "tainted": false
                    },
                    "deposed": [],
                    "provider": "provider.aws"
                },
                "aws_subnet.public_snb": {
                    "type": "aws_subnet",
                    "depends_on": [
                        "aws_vpc.public_vpc"
                    ],
                    "primary": {
                        "id": "subnet-021a8f50b99999e05",
                        "attributes": {
                            "arn": "arn:aws:ec2:eu-west-2:845667357603:subnet/subnet-021a8f50b99999e05",
                            "assign_ipv6_address_on_creation": "false",
                            "availability_zone": "eu-west-2b",
                            "availability_zone_id": "euw2-az3",
                            "cidr_block": "172.31.32.0/20",
                            "id": "subnet-021a8f50b99999e05",
                            "ipv6_cidr_block": "",
                            "ipv6_cidr_block_association_id": "",
                            "map_public_ip_on_launch": "false",
                            "owner_id": "845667357603",
                            "tags.%": "1",
                            "tags.Name": "pub-snb",
                            "vpc_id": "vpc-0730bdaac9a7dcbba"
                        },
                        "meta": {
                            "e2bfb730-ecaa-11e6-8f88-34363bc7c4c0": {
                                "create": 600000000000,
                                "delete": 1200000000000
                            },
                            "schema_version": "1"
                        },
                        "tainted": false
                    },
                    "deposed": [],
                    "provider": "provider.aws"
                },
                "aws_subnet.public_snc": {
                    "type": "aws_subnet",
                    "depends_on": [
                        "aws_vpc.public_vpc"
                    ],
                    "primary": {
                        "id": "subnet-0895c5edcba2aa8b7",
                        "attributes": {
                            "arn": "arn:aws:ec2:eu-west-2:845667357603:subnet/subnet-0895c5edcba2aa8b7",
                            "assign_ipv6_address_on_creation": "false",
                            "availability_zone": "eu-west-2c",
                            "availability_zone_id": "euw2-az1",
                            "cidr_block": "172.31.48.0/20",
                            "id": "subnet-0895c5edcba2aa8b7",
                            "ipv6_cidr_block": "",
                            "ipv6_cidr_block_association_id": "",
                            "map_public_ip_on_launch": "false",
                            "owner_id": "845667357603",
                            "tags.%": "1",
                            "tags.Name": "pub-snc",
                            "vpc_id": "vpc-0730bdaac9a7dcbba"
                        },
                        "meta": {
                            "e2bfb730-ecaa-11e6-8f88-34363bc7c4c0": {
                                "create": 600000000000,
                                "delete": 1200000000000
                            },
                            "schema_version": "1"
                        },
                        "tainted": false
                    },
                    "deposed": [],
                    "provider": "provider.aws"
                },
                "aws_vpc.public_vpc": {
                    "type": "aws_vpc",
                    "depends_on": [],
                    "primary": {
                        "id": "vpc-0730bdaac9a7dcbba",
                        "attributes": {
                            "arn": "arn:aws:ec2:eu-west-2:845667357603:vpc/vpc-0730bdaac9a7dcbba",
                            "assign_generated_ipv6_cidr_block": "false",
                            "cidr_block": "172.31.0.0/16",
                            "default_network_acl_id": "acl-0cc335f6b945c174c",
                            "default_route_table_id": "rtb-09ffb4e5950dd31cb",
                            "default_security_group_id": "sg-005c95d98fac3bec3",
                            "dhcp_options_id": "dopt-098cdc926782ac3af",
                            "enable_dns_hostnames": "true",
                            "enable_dns_support": "true",
                            "id": "vpc-0730bdaac9a7dcbba",
                            "instance_tenancy": "default",
                            "ipv6_association_id": "",
                            "ipv6_cidr_block": "",
                            "main_route_table_id": "rtb-09ffb4e5950dd31cb",
                            "owner_id": "845667357603",
                            "tags.%": "1",
                            "tags.Name": "public-sn\\\"-\\\""
                        },
                        "meta": {
                            "schema_version": "1"
                        },
                        "tainted": false
                    },
                    "deposed": [],
                    "provider": "provider.aws"
                }
            },
            "depends_on": []
        }
    ]
}
