{
    "version": 3,
    "terraform_version": "0.11.13",
    "serial": 2,
    "lineage": "2e46ce3c-df90-38c5-d090-e580ec19ce35",
    "modules": [
        {
            "path": [
                "root"
            ],
            "outputs": {},
            "resources": {},
            "depends_on": []
        },
        {
            "path": [
                "root",
                "my_ec2"
            ],
            "outputs": {},
            "resources": {
                "aws_instance.myec2_forwebapp": {
                    "type": "aws_instance",
                    "depends_on": [],
                    "primary": {
                        "id": "i-044e25298203cf0ad",
                        "attributes": {
                            "ami": "ami-05f37c3995fffb4fd",
                            "arn": "arn:aws:ec2:eu-west-2:845667357603:instance/i-044e25298203cf0ad",
                            "associate_public_ip_address": "true",
                            "availability_zone": "eu-west-2a",
                            "cpu_core_count": "1",
                            "cpu_threads_per_core": "1",
                            "credit_specification.#": "1",
                            "credit_specification.0.cpu_credits": "standard",
                            "disable_api_termination": "false",
                            "ebs_block_device.#": "0",
                            "ebs_optimized": "false",
                            "ephemeral_block_device.#": "0",
                            "get_password_data": "false",
                            "iam_instance_profile": "",
                            "id": "i-044e25298203cf0ad",
                            "instance_state": "running",
                            "instance_type": "t2.small",
                            "ipv6_address_count": "0",
                            "ipv6_addresses.#": "0",
                            "key_name": "",
                            "monitoring": "false",
                            "network_interface.#": "0",
                            "password_data": "",
                            "placement_group": "",
                            "primary_network_interface_id": "eni-003d7b9fe586aef42",
                            "private_dns": "ip-172-31-17-156.eu-west-2.compute.internal",
                            "private_ip": "172.31.17.156",
                            "public_dns": "ec2-3-10-22-211.eu-west-2.compute.amazonaws.com",
                            "public_ip": "3.10.22.211",
                            "root_block_device.#": "1",
                            "root_block_device.0.delete_on_termination": "true",
                            "root_block_device.0.encrypted": "false",
                            "root_block_device.0.iops": "100",
                            "root_block_device.0.kms_key_id": "",
                            "root_block_device.0.volume_id": "vol-00f48b7219b320ebe",
                            "root_block_device.0.volume_size": "8",
                            "root_block_device.0.volume_type": "gp2",
                            "security_groups.#": "1",
                            "security_groups.3814588639": "default",
                            "source_dest_check": "true",
                            "subnet_id": "subnet-afab1ed5",
                            "tags.%": "1",
                            "tags.Name": "my_prod_EC2",
                            "tenancy": "default",
                            "volume_tags.%": "0",
                            "vpc_security_group_ids.#": "1",
                            "vpc_security_group_ids.3244760722": "sg-6811df04"
                        },
                        "meta": {
                            "e2bfb730-ecaa-11e6-8f88-34363bc7c4c0": {
                                "create": 600000000000,
                                "delete": 1200000000000,
                                "update": 600000000000
                            },
                            "schema_version": "1"
                        },
                        "tainted": false
                    },
                    "deposed": [],
                    "provider": "module.my_ec2.provider.aws"
                }
            },
            "depends_on": []
        }
    ]
}
