{
    "version": 3,
    "terraform_version": "0.11.13",
    "serial": 2,
    "lineage": "83553bce-d95b-9e61-da21-b624b6d39045",
    "modules": [
        {
            "path": [
                "root"
            ],
            "outputs": {},
            "resources": {},
            "depends_on": []
        },
        {
            "path": [
                "root",
                "my_ec2"
            ],
            "outputs": {},
            "resources": {
                "aws_instance.myec2_ws1": {
                    "type": "aws_instance",
                    "depends_on": [],
                    "primary": {
                        "id": "i-06f341aa0e6378ee0",
                        "attributes": {
                            "ami": "ami-05f37c3995fffb4fd",
                            "arn": "arn:aws:ec2:eu-west-2:845667357603:instance/i-06f341aa0e6378ee0",
                            "associate_public_ip_address": "false",
                            "availability_zone": "eu-west-2a",
                            "cpu_core_count": "1",
                            "cpu_threads_per_core": "1",
                            "credit_specification.#": "1",
                            "credit_specification.0.cpu_credits": "standard",
                            "disable_api_termination": "false",
                            "ebs_block_device.#": "0",
                            "ebs_optimized": "false",
                            "ephemeral_block_device.#": "0",
                            "get_password_data": "false",
                            "iam_instance_profile": "",
                            "id": "i-06f341aa0e6378ee0",
                            "instance_state": "running",
                            "instance_type": "t2.nano",
                            "ipv6_address_count": "0",
                            "ipv6_addresses.#": "0",
                            "key_name": "",
                            "monitoring": "false",
                            "network_interface.#": "0",
                            "password_data": "",
                            "placement_group": "",
                            "primary_network_interface_id": "eni-09e63dcdf714d8a87",
                            "private_dns": "ip-172-31-11-93.eu-west-2.compute.internal",
                            "private_ip": "172.31.11.93",
                            "public_dns": "",
                            "public_ip": "",
                            "root_block_device.#": "1",
                            "root_block_device.0.delete_on_termination": "true",
                            "root_block_device.0.encrypted": "false",
                            "root_block_device.0.iops": "100",
                            "root_block_device.0.kms_key_id": "",
                            "root_block_device.0.volume_id": "vol-0ee68dfde4c9df56c",
                            "root_block_device.0.volume_size": "8",
                            "root_block_device.0.volume_type": "gp2",
                            "security_groups.#": "0",
                            "source_dest_check": "true",
                            "subnet_id": "subnet-01eb68ee92308fd58",
                            "tags.%": "1",
                            "tags.Name": "staging-web1",
                            "tenancy": "default",
                            "volume_tags.%": "0",
                            "vpc_security_group_ids.#": "1",
                            "vpc_security_group_ids.133564289": "sg-03aee88bca165f6ae"
                        },
                        "meta": {
                            "e2bfb730-ecaa-11e6-8f88-34363bc7c4c0": {
                                "create": 600000000000,
                                "delete": 1200000000000,
                                "update": 600000000000
                            },
                            "schema_version": "1"
                        },
                        "tainted": false
                    },
                    "deposed": [],
                    "provider": "provider.aws"
                },
                "aws_instance.myec2_ws2": {
                    "type": "aws_instance",
                    "depends_on": [],
                    "primary": {
                        "id": "i-0a9fe623092a221ac",
                        "attributes": {
                            "ami": "ami-05f37c3995fffb4fd",
                            "arn": "arn:aws:ec2:eu-west-2:845667357603:instance/i-0a9fe623092a221ac",
                            "associate_public_ip_address": "true",
                            "availability_zone": "eu-west-2a",
                            "cpu_core_count": "1",
                            "cpu_threads_per_core": "1",
                            "credit_specification.#": "1",
                            "credit_specification.0.cpu_credits": "standard",
                            "disable_api_termination": "false",
                            "ebs_block_device.#": "0",
                            "ebs_optimized": "false",
                            "ephemeral_block_device.#": "0",
                            "get_password_data": "false",
                            "iam_instance_profile": "",
                            "id": "i-0a9fe623092a221ac",
                            "instance_state": "running",
                            "instance_type": "t2.nano",
                            "ipv6_address_count": "0",
                            "ipv6_addresses.#": "0",
                            "key_name": "",
                            "monitoring": "false",
                            "network_interface.#": "0",
                            "password_data": "",
                            "placement_group": "",
                            "primary_network_interface_id": "eni-06de3c3bfe49ae912",
                            "private_dns": "ip-172-31-26-26.eu-west-2.compute.internal",
                            "private_ip": "172.31.26.26",
                            "public_dns": "ec2-35-177-5-205.eu-west-2.compute.amazonaws.com",
                            "public_ip": "35.177.5.205",
                            "root_block_device.#": "1",
                            "root_block_device.0.delete_on_termination": "true",
                            "root_block_device.0.encrypted": "false",
                            "root_block_device.0.iops": "100",
                            "root_block_device.0.kms_key_id": "",
                            "root_block_device.0.volume_id": "vol-0cbc60b5838510eb9",
                            "root_block_device.0.volume_size": "8",
                            "root_block_device.0.volume_type": "gp2",
                            "security_groups.#": "1",
                            "security_groups.3814588639": "default",
                            "source_dest_check": "true",
                            "subnet_id": "subnet-afab1ed5",
                            "tags.%": "1",
                            "tags.Name": "staging-web2",
                            "tenancy": "default",
                            "volume_tags.%": "0",
                            "vpc_security_group_ids.#": "1",
                            "vpc_security_group_ids.3244760722": "sg-6811df04"
                        },
                        "meta": {
                            "e2bfb730-ecaa-11e6-8f88-34363bc7c4c0": {
                                "create": 600000000000,
                                "delete": 1200000000000,
                                "update": 600000000000
                            },
                            "schema_version": "1"
                        },
                        "tainted": false
                    },
                    "deposed": [],
                    "provider": "provider.aws"
                }
            },
            "depends_on": []
        },
        {
            "path": [
                "root",
                "vpc_module"
            ],
            "outputs": {
                "public_subnet_a": {
                    "sensitive": false,
                    "type": "string",
                    "value": "subnet-01eb68ee92308fd58"
                },
                "public_subnet_b": {
                    "sensitive": false,
                    "type": "string",
                    "value": "subnet-0a9c9ca4fb0c43491"
                },
                "public_subnet_c": {
                    "sensitive": false,
                    "type": "string",
                    "value": "subnet-0f1113e0e5d33a6fe"
                },
                "vpc_id": {
                    "sensitive": false,
                    "type": "string",
                    "value": "vpc-08a7a00b403133854"
                }
            },
            "resources": {
                "aws_subnet.public_sna": {
                    "type": "aws_subnet",
                    "depends_on": [
                        "aws_vpc.public_vpc"
                    ],
                    "primary": {
                        "id": "subnet-01eb68ee92308fd58",
                        "attributes": {
                            "arn": "arn:aws:ec2:eu-west-2:845667357603:subnet/subnet-01eb68ee92308fd58",
                            "assign_ipv6_address_on_creation": "false",
                            "availability_zone": "eu-west-2a",
                            "availability_zone_id": "euw2-az2",
                            "cidr_block": "172.31.0.0/20",
                            "id": "subnet-01eb68ee92308fd58",
                            "ipv6_cidr_block": "",
                            "ipv6_cidr_block_association_id": "",
                            "map_public_ip_on_launch": "false",
                            "owner_id": "845667357603",
                            "tags.%": "1",
                            "tags.Name": "pub-sna",
                            "vpc_id": "vpc-08a7a00b403133854"
                        },
                        "meta": {
                            "e2bfb730-ecaa-11e6-8f88-34363bc7c4c0": {
                                "create": 600000000000,
                                "delete": 1200000000000
                            },
                            "schema_version": "1"
                        },
                        "tainted": false
                    },
                    "deposed": [],
                    "provider": "provider.aws"
                },
                "aws_subnet.public_snb": {
                    "type": "aws_subnet",
                    "depends_on": [
                        "aws_vpc.public_vpc"
                    ],
                    "primary": {
                        "id": "subnet-0a9c9ca4fb0c43491",
                        "attributes": {
                            "arn": "arn:aws:ec2:eu-west-2:845667357603:subnet/subnet-0a9c9ca4fb0c43491",
                            "assign_ipv6_address_on_creation": "false",
                            "availability_zone": "eu-west-2b",
                            "availability_zone_id": "euw2-az3",
                            "cidr_block": "172.31.16.0/20",
                            "id": "subnet-0a9c9ca4fb0c43491",
                            "ipv6_cidr_block": "",
                            "ipv6_cidr_block_association_id": "",
                            "map_public_ip_on_launch": "false",
                            "owner_id": "845667357603",
                            "tags.%": "1",
                            "tags.Name": "pub-snb",
                            "vpc_id": "vpc-08a7a00b403133854"
                        },
                        "meta": {
                            "e2bfb730-ecaa-11e6-8f88-34363bc7c4c0": {
                                "create": 600000000000,
                                "delete": 1200000000000
                            },
                            "schema_version": "1"
                        },
                        "tainted": false
                    },
                    "deposed": [],
                    "provider": "provider.aws"
                },
                "aws_subnet.public_snc": {
                    "type": "aws_subnet",
                    "depends_on": [
                        "aws_vpc.public_vpc"
                    ],
                    "primary": {
                        "id": "subnet-0f1113e0e5d33a6fe",
                        "attributes": {
                            "arn": "arn:aws:ec2:eu-west-2:845667357603:subnet/subnet-0f1113e0e5d33a6fe",
                            "assign_ipv6_address_on_creation": "false",
                            "availability_zone": "eu-west-2c",
                            "availability_zone_id": "euw2-az1",
                            "cidr_block": "172.31.32.0/20",
                            "id": "subnet-0f1113e0e5d33a6fe",
                            "ipv6_cidr_block": "",
                            "ipv6_cidr_block_association_id": "",
                            "map_public_ip_on_launch": "false",
                            "owner_id": "845667357603",
                            "tags.%": "1",
                            "tags.Name": "pub-snc",
                            "vpc_id": "vpc-08a7a00b403133854"
                        },
                        "meta": {
                            "e2bfb730-ecaa-11e6-8f88-34363bc7c4c0": {
                                "create": 600000000000,
                                "delete": 1200000000000
                            },
                            "schema_version": "1"
                        },
                        "tainted": false
                    },
                    "deposed": [],
                    "provider": "provider.aws"
                },
                "aws_vpc.public_vpc": {
                    "type": "aws_vpc",
                    "depends_on": [],
                    "primary": {
                        "id": "vpc-08a7a00b403133854",
                        "attributes": {
                            "arn": "arn:aws:ec2:eu-west-2:845667357603:vpc/vpc-08a7a00b403133854",
                            "assign_generated_ipv6_cidr_block": "false",
                            "cidr_block": "172.31.0.0/16",
                            "default_network_acl_id": "acl-05cbb6c4769071e08",
                            "default_route_table_id": "rtb-05ab8595c4e9dc355",
                            "default_security_group_id": "sg-03aee88bca165f6ae",
                            "dhcp_options_id": "dopt-098cdc926782ac3af",
                            "enable_dns_hostnames": "true",
                            "enable_dns_support": "true",
                            "id": "vpc-08a7a00b403133854",
                            "instance_tenancy": "default",
                            "ipv6_association_id": "",
                            "ipv6_cidr_block": "",
                            "main_route_table_id": "rtb-05ab8595c4e9dc355",
                            "owner_id": "845667357603",
                            "tags.%": "1",
                            "tags.Name": "public-sn"
                        },
                        "meta": {
                            "schema_version": "1"
                        },
                        "tainted": false
                    },
                    "deposed": [],
                    "provider": "provider.aws"
                }
            },
            "depends_on": []
        }
    ]
}
